// !$*UTF8*$!
{
	archiveVersion = 1;
	classes = {
	};
	objectVersion = 46;
	objects = {

/* Begin PBXBuildFile section */
		74CE35A71D824FC100EEABA2 /* AppDelegate.swift in Sources */ = {isa = PBXBuildFile; fileRef = 74CE35A61D824FC100EEABA2 /* AppDelegate.swift */; };
		74CE35A91D824FC100EEABA2 /* ViewController.swift in Sources */ = {isa = PBXBuildFile; fileRef = 74CE35A81D824FC100EEABA2 /* ViewController.swift */; };
		74CE35AC1D824FC200EEABA2 /* Main.storyboard in Resources */ = {isa = PBXBuildFile; fileRef = 74CE35AA1D824FC200EEABA2 /* Main.storyboard */; };
		74CE35AE1D824FC200EEABA2 /* Assets.xcassets in Resources */ = {isa = PBXBuildFile; fileRef = 74CE35AD1D824FC200EEABA2 /* Assets.xcassets */; };
		74CE35B11D824FC200EEABA2 /* LaunchScreen.storyboard in Resources */ = {isa = PBXBuildFile; fileRef = 74CE35AF1D824FC200EEABA2 /* LaunchScreen.storyboard */; };
		74CE35BC1D824FC700EEABA2 /* DossiersTests.swift in Sources */ = {isa = PBXBuildFile; fileRef = 74CE35BB1D824FC700EEABA2 /* DossiersTests.swift */; };
/* End PBXBuildFile section */

/* Begin PBXContainerItemProxy section */
		74CE35B81D824FC700EEABA2 /* PBXContainerItemProxy */ = {
			isa = PBXContainerItemProxy;
			containerPortal = 74CE359B1D824FC000EEABA2 /* Project object */;
			proxyType = 1;
			remoteGlobalIDString = 74CE35A21D824FC000EEABA2;
			remoteInfo = Dossiers;
		};
/* End PBXContainerItemProxy section */

/* Begin PBXFileReference section */
		74CE35A31D824FC100EEABA2 /* Dossiers.app */ = {isa = PBXFileReference; explicitFileType = wrapper.application; includeInIndex = 0; path = Dossiers.app; sourceTree = BUILT_PRODUCTS_DIR; };
		74CE35A61D824FC100EEABA2 /* AppDelegate.swift */ = {isa = PBXFileReference; lastKnownFileType = sourcecode.swift; path = AppDelegate.swift; sourceTree = "<group>"; };
		74CE35A81D824FC100EEABA2 /* ViewController.swift */ = {isa = PBXFileReference; lastKnownFileType = sourcecode.swift; path = ViewController.swift; sourceTree = "<group>"; };
		74CE35AB1D824FC200EEABA2 /* Base */ = {isa = PBXFileReference; lastKnownFileType = file.storyboard; name = Base; path = Base.lproj/Main.storyboard; sourceTree = "<group>"; };
		74CE35AD1D824FC200EEABA2 /* Assets.xcassets */ = {isa = PBXFileReference; lastKnownFileType = folder.assetcatalog; path = Assets.xcassets; sourceTree = "<group>"; };
		74CE35B01D824FC200EEABA2 /* Base */ = {isa = PBXFileReference; lastKnownFileType = file.storyboard; name = Base; path = Base.lproj/LaunchScreen.storyboard; sourceTree = "<group>"; };
		74CE35B21D824FC200EEABA2 /* Info.plist */ = {isa = PBXFileReference; lastKnownFileType = text.plist.xml; path = Info.plist; sourceTree = "<group>"; };
		74CE35B71D824FC700EEABA2 /* DossiersTests.xctest */ = {isa = PBXFileReference; explicitFileType = wrapper.cfbundle; includeInIndex = 0; path = DossiersTests.xctest; sourceTree = BUILT_PRODUCTS_DIR; };
		74CE35BB1D824FC700EEABA2 /* DossiersTests.swift */ = {isa = PBXFileReference; lastKnownFileType = sourcecode.swift; path = DossiersTests.swift; sourceTree = "<group>"; };
		74CE35BD1D824FC700EEABA2 /* Info.plist */ = {isa = PBXFileReference; lastKnownFileType = text.plist.xml; path = Info.plist; sourceTree = "<group>"; };
/* End PBXFileReference section */

/* Begin PBXFrameworksBuildPhase section */
		74CE35A01D824FC000EEABA2 /* Frameworks */ = {
			isa = PBXFrameworksBuildPhase;
			buildActionMask = 2147483647;
			files = (
			);
			runOnlyForDeploymentPostprocessing = 0;
		};
		74CE35B41D824FC700EEABA2 /* Frameworks */ = {
			isa = PBXFrameworksBuildPhase;
			buildActionMask = 2147483647;
			files = (
			);
			runOnlyForDeploymentPostprocessing = 0;
		};
/* End PBXFrameworksBuildPhase section */

/* Begin PBXGroup section */
		74CE359A1D824FC000EEABA2 = {
			isa = PBXGroup;
			children = (
				74CE35A51D824FC100EEABA2 /* Dossiers */,
				74CE35BA1D824FC700EEABA2 /* DossiersTests */,
				74CE35A41D824FC100EEABA2 /* Products */,
			);
			sourceTree = "<group>";
		};
		74CE35A41D824FC100EEABA2 /* Products */ = {
			isa = PBXGroup;
			children = (
				74CE35A31D824FC100EEABA2 /* Dossiers.app */,
				74CE35B71D824FC700EEABA2 /* DossiersTests.xctest */,
			);
			name = Products;
			sourceTree = "<group>";
		};
		74CE35A51D824FC100EEABA2 /* Dossiers */ = {
			isa = PBXGroup;
			children = (
				74CE35A61D824FC100EEABA2 /* AppDelegate.swift */,
				74CE35A81D824FC100EEABA2 /* ViewController.swift */,
				74CE35AA1D824FC200EEABA2 /* Main.storyboard */,
				74CE35AD1D824FC200EEABA2 /* Assets.xcassets */,
				74CE35AF1D824FC200EEABA2 /* LaunchScreen.storyboard */,
				74CE35B21D824FC200EEABA2 /* Info.plist */,
			);
			path = Dossiers;
			sourceTree = "<group>";
		};
		74CE35BA1D824FC700EEABA2 /* DossiersTests */ = {
			isa = PBXGroup;
			children = (
				74CE35BB1D824FC700EEABA2 /* DossiersTests.swift */,
				74CE35BD1D824FC700EEABA2 /* Info.plist */,
			);
			path = DossiersTests;
			sourceTree = "<group>";
		};
/* End PBXGroup section */

/* Begin PBXNativeTarget section */
		74CE35A21D824FC000EEABA2 /* Dossiers */ = {
			isa = PBXNativeTarget;
			buildConfigurationList = 74CE35C01D824FC800EEABA2 /* Build configuration list for PBXNativeTarget "Dossiers" */;
			buildPhases = (
				74CE359F1D824FC000EEABA2 /* Sources */,
				74CE35A01D824FC000EEABA2 /* Frameworks */,
				74CE35A11D824FC000EEABA2 /* Resources */,
			);
			buildRules = (
			);
			dependencies = (
			);
			name = Dossiers;
			productName = Dossiers;
			productReference = 74CE35A31D824FC100EEABA2 /* Dossiers.app */;
			productType = "com.apple.product-type.application";
		};
		74CE35B61D824FC700EEABA2 /* DossiersTests */ = {
			isa = PBXNativeTarget;
			buildConfigurationList = 74CE35C31D824FC800EEABA2 /* Build configuration list for PBXNativeTarget "DossiersTests" */;
			buildPhases = (
				74CE35B31D824FC700EEABA2 /* Sources */,
				74CE35B41D824FC700EEABA2 /* Frameworks */,
				74CE35B51D824FC700EEABA2 /* Resources */,
			);
			buildRules = (
			);
			dependencies = (
				74CE35B91D824FC700EEABA2 /* PBXTargetDependency */,
			);
			name = DossiersTests;
			productName = DossiersTests;
			productReference = 74CE35B71D824FC700EEABA2 /* DossiersTests.xctest */;
			productType = "com.apple.product-type.bundle.unit-test";
		};
/* End PBXNativeTarget section */

/* Begin PBXProject section */
		74CE359B1D824FC000EEABA2 /* Project object */ = {
			isa = PBXProject;
			attributes = {
				LastSwiftUpdateCheck = 0800;
				LastUpgradeCheck = 0800;
				ORGANIZATIONNAME = "Princess Sampson";
				TargetAttributes = {
					74CE35A21D824FC000EEABA2 = {
						CreatedOnToolsVersion = 8.0;
						ProvisioningStyle = Automatic;
					};
					74CE35B61D824FC700EEABA2 = {
						CreatedOnToolsVersion = 8.0;
						ProvisioningStyle = Automatic;
						TestTargetID = 74CE35A21D824FC000EEABA2;
					};
				};
			};
			buildConfigurationList = 74CE359E1D824FC000EEABA2 /* Build configuration list for PBXProject "Dossiers" */;
			compatibilityVersion = "Xcode 3.2";
			developmentRegion = English;
			hasScannedForEncodings = 0;
			knownRegions = (
				en,
				Base,
			);
			mainGroup = 74CE359A1D824FC000EEABA2;
			productRefGroup = 74CE35A41D824FC100EEABA2 /* Products */;
			projectDirPath = "";
			projectRoot = "";
			targets = (
				74CE35A21D824FC000EEABA2 /* Dossiers */,
				74CE35B61D824FC700EEABA2 /* DossiersTests */,
			);
		};
/* End PBXProject section */

/* Begin PBXResourcesBuildPhase section */
		74CE35A11D824FC000EEABA2 /* Resources */ = {
			isa = PBXResourcesBuildPhase;
			buildActionMask = 2147483647;
			files = (
				74CE35B11D824FC200EEABA2 /* LaunchScreen.storyboard in Resources */,
				74CE35AE1D824FC200EEABA2 /* Assets.xcassets in Resources */,
				74CE35AC1D824FC200EEABA2 /* Main.storyboard in Resources */,
			);
			runOnlyForDeploymentPostprocessing = 0;
		};
		74CE35B51D824FC700EEABA2 /* Resources */ = {
			isa = PBXResourcesBuildPhase;
			buildActionMask = 2147483647;
			files = (
			);
			runOnlyForDeploymentPostprocessing = 0;
		};
/* End PBXResourcesBuildPhase section */

/* Begin PBXSourcesBuildPhase section */
		74CE359F1D824FC000EEABA2 /* Sources */ = {
			isa = PBXSourcesBuildPhase;
			buildActionMask = 2147483647;
			files = (
				74CE35A91D824FC100EEABA2 /* ViewController.swift in Sources */,
				74CE35A71D824FC100EEABA2 /* AppDelegate.swift in Sources */,
			);
			runOnlyForDeploymentPostprocessing = 0;
		};
		74CE35B31D824FC700EEABA2 /* Sources */ = {
			isa = PBXSourcesBuildPhase;
			buildActionMask = 2147483647;
			files = (
				74CE35BC1D824FC700EEABA2 /* DossiersTests.swift in Sources */,
			);
			runOnlyForDeploymentPostprocessing = 0;
		};
/* End PBXSourcesBuildPhase section */

/* Begin PBXTargetDependency section */
		74CE35B91D824FC700EEABA2 /* PBXTargetDependency */ = {
			isa = PBXTargetDependency;
			target = 74CE35A21D824FC000EEABA2 /* Dossiers */;
			targetProxy = 74CE35B81D824FC700EEABA2 /* PBXContainerItemProxy */;
		};
/* End PBXTargetDependency section */

/* Begin PBXVariantGroup section */
		74CE35AA1D824FC200EEABA2 /* Main.storyboard */ = {
			isa = PBXVariantGroup;
			children = (
				74CE35AB1D824FC200EEABA2 /* Base */,
			);
			name = Main.storyboard;
			sourceTree = "<group>";
		};
		74CE35AF1D824FC200EEABA2 /* LaunchScreen.storyboard */ = {
			isa = PBXVariantGroup;
			children = (
				74CE35B01D824FC200EEABA2 /* Base */,
			);
			name = LaunchScreen.storyboard;
			sourceTree = "<group>";
		};
/* End PBXVariantGroup section */

/* Begin XCBuildConfiguration section */
		74CE35BE1D824FC800EEABA2 /* Debug */ = {
			isa = XCBuildConfiguration;
			buildSettings = {
				ALWAYS_SEARCH_USER_PATHS = NO;
				CLANG_ANALYZER_NONNULL = YES;
				CLANG_CXX_LANGUAGE_STANDARD = "gnu++0x";
				CLANG_CXX_LIBRARY = "libc++";
				CLANG_ENABLE_MODULES = YES;
				CLANG_ENABLE_OBJC_ARC = YES;
				CLANG_WARN_BOOL_CONVERSION = YES;
				CLANG_WARN_CONSTANT_CONVERSION = YES;
				CLANG_WARN_DIRECT_OBJC_ISA_USAGE = YES_ERROR;
				CLANG_WARN_DOCUMENTATION_COMMENTS = YES;
				CLANG_WARN_EMPTY_BODY = YES;
				CLANG_WARN_ENUM_CONVERSION = YES;
				CLANG_WARN_INFINITE_RECURSION = YES;
				CLANG_WARN_INT_CONVERSION = YES;
				CLANG_WARN_OBJC_ROOT_CLASS = YES_ERROR;
				CLANG_WARN_SUSPICIOUS_MOVES = YES;
				CLANG_WARN_UNREACHABLE_CODE = YES;
				CLANG_WARN__DUPLICATE_METHOD_MATCH = YES;
				"CODE_SIGN_IDENTITY[sdk=iphoneos*]" = "iPhone Developer";
				COPY_PHASE_STRIP = NO;
				DEBUG_INFORMATION_FORMAT = dwarf;
				ENABLE_STRICT_OBJC_MSGSEND = YES;
				ENABLE_TESTABILITY = YES;
				GCC_C_LANGUAGE_STANDARD = gnu99;
				GCC_DYNAMIC_NO_PIC = NO;
				GCC_NO_COMMON_BLOCKS = YES;
				GCC_OPTIMIZATION_LEVEL = 0;
				GCC_PREPROCESSOR_DEFINITIONS = (
					"DEBUG=1",
					"$(inherited)",
				);
				GCC_WARN_64_TO_32_BIT_CONVERSION = YES;
				GCC_WARN_ABOUT_RETURN_TYPE = YES_ERROR;
				GCC_WARN_UNDECLARED_SELECTOR = YES;
				GCC_WARN_UNINITIALIZED_AUTOS = YES_AGGRESSIVE;
				GCC_WARN_UNUSED_FUNCTION = YES;
				GCC_WARN_UNUSED_VARIABLE = YES;
				IPHONEOS_DEPLOYMENT_TARGET = 10.0;
				MTL_ENABLE_DEBUG_INFO = YES;
				ONLY_ACTIVE_ARCH = YES;
				SDKROOT = iphoneos;
				SWIFT_ACTIVE_COMPILATION_CONDITIONS = DEBUG;
				SWIFT_OPTIMIZATION_LEVEL = "-Onone";
			};
			name = Debug;
		};
		74CE35BF1D824FC800EEABA2 /* Release */ = {
			isa = XCBuildConfiguration;
			buildSettings = {
				ALWAYS_SEARCH_USER_PATHS = NO;
				CLANG_ANALYZER_NONNULL = YES;
				CLANG_CXX_LANGUAGE_STANDARD = "gnu++0x";
				CLANG_CXX_LIBRARY = "libc++";
				CLANG_ENABLE_MODULES = YES;
				CLANG_ENABLE_OBJC_ARC = YES;
				CLANG_WARN_BOOL_CONVERSION = YES;
				CLANG_WARN_CONSTANT_CONVERSION = YES;
				CLANG_WARN_DIRECT_OBJC_ISA_USAGE = YES_ERROR;
				CLANG_WARN_DOCUMENTATION_COMMENTS = YES;
				CLANG_WARN_EMPTY_BODY = YES;
				CLANG_WARN_ENUM_CONVERSION = YES;
				CLANG_WARN_INFINITE_RECURSION = YES;
				CLANG_WARN_INT_CONVERSION = YES;
				CLANG_WARN_OBJC_ROOT_CLASS = YES_ERROR;
				CLANG_WARN_SUSPICIOUS_MOVES = YES;
				CLANG_WARN_UNREACHABLE_CODE = YES;
				CLANG_WARN__DUPLICATE_METHOD_MATCH = YES;
				"CODE_SIGN_IDENTITY[sdk=iphoneos*]" = "iPhone Developer";
				COPY_PHASE_STRIP = NO;
				DEBUG_INFORMATION_FORMAT = "dwarf-with-dsym";
				ENABLE_NS_ASSERTIONS = NO;
				ENABLE_STRICT_OBJC_MSGSEND = YES;
				GCC_C_LANGUAGE_STANDARD = gnu99;
				GCC_NO_COMMON_BLOCKS = YES;
				GCC_WARN_64_TO_32_BIT_CONVERSION = YES;
				GCC_WARN_ABOUT_RETURN_TYPE = YES_ERROR;
				GCC_WARN_UNDECLARED_SELECTOR = YES;
				GCC_WARN_UNINITIALIZED_AUTOS = YES_AGGRESSIVE;
				GCC_WARN_UNUSED_FUNCTION = YES;
				GCC_WARN_UNUSED_VARIABLE = YES;
				IPHONEOS_DEPLOYMENT_TARGET = 10.0;
				MTL_ENABLE_DEBUG_INFO = NO;
				SDKROOT = iphoneos;
				SWIFT_OPTIMIZATION_LEVEL = "-Owholemodule";
				VALIDATE_PRODUCT = YES;
			};
			name = Release;
		};
		74CE35C11D824FC800EEABA2 /* Debug */ = {
			isa = XCBuildConfiguration;
			buildSettings = {
				ASSETCATALOG_COMPILER_APPICON_NAME = AppIcon;
				INFOPLIST_FILE = Dossiers/Info.plist;
				LD_RUNPATH_SEARCH_PATHS = "$(inherited) @executable_path/Frameworks";
				PRODUCT_BUNDLE_IDENTIFIER = com.psamp.Dossiers;
				PRODUCT_NAME = "$(TARGET_NAME)";
				SWIFT_VERSION = 3.0;
			};
			name = Debug;
		};
		74CE35C21D824FC800EEABA2 /* Release */ = {
			isa = XCBuildConfiguration;
			buildSettings = {
				ASSETCATALOG_COMPILER_APPICON_NAME = AppIcon;
				INFOPLIST_FILE = Dossiers/Info.plist;
				LD_RUNPATH_SEARCH_PATHS = "$(inherited) @executable_path/Frameworks";
				PRODUCT_BUNDLE_IDENTIFIER = com.psamp.Dossiers;
				PRODUCT_NAME = "$(TARGET_NAME)";
				SWIFT_VERSION = 3.0;
			};
			name = Release;
		};
		74CE35C41D824FC800EEABA2 /* Debug */ = {
			isa = XCBuildConfiguration;
			buildSettings = {
				ALWAYS_EMBED_SWIFT_STANDARD_LIBRARIES = YES;
				BUNDLE_LOADER = "$(TEST_HOST)";
				INFOPLIST_FILE = DossiersTests/Info.plist;
				LD_RUNPATH_SEARCH_PATHS = "$(inherited) @executable_path/Frameworks @loader_path/Frameworks";
				PRODUCT_BUNDLE_IDENTIFIER = com.psamp.DossiersTests;
				PRODUCT_NAME = "$(TARGET_NAME)";
				SWIFT_VERSION = 3.0;
				TEST_HOST = "$(BUILT_PRODUCTS_DIR)/Dossiers.app/Dossiers";
			};
			name = Debug;
		};
		74CE35C51D824FC800EEABA2 /* Release */ = {
			isa = XCBuildConfiguration;
			buildSettings = {
				ALWAYS_EMBED_SWIFT_STANDARD_LIBRARIES = YES;
				BUNDLE_LOADER = "$(TEST_HOST)";
				INFOPLIST_FILE = DossiersTests/Info.plist;
				LD_RUNPATH_SEARCH_PATHS = "$(inherited) @executable_path/Frameworks @loader_path/Frameworks";
				PRODUCT_BUNDLE_IDENTIFIER = com.psamp.DossiersTests;
				PRODUCT_NAME = "$(TARGET_NAME)";
				SWIFT_VERSION = 3.0;
				TEST_HOST = "$(BUILT_PRODUCTS_DIR)/Dossiers.app/Dossiers";
			};
			name = Release;
		};
/* End XCBuildConfiguration section */

/* Begin XCConfigurationList section */
		74CE359E1D824FC000EEABA2 /* Build configuration list for PBXProject "Dossiers" */ = {
			isa = XCConfigurationList;
			buildConfigurations = (
				74CE35BE1D824FC800EEABA2 /* Debug */,
				74CE35BF1D824FC800EEABA2 /* Release */,
			);
			defaultConfigurationIsVisible = 0;
			defaultConfigurationName = Release;
		};
		74CE35C01D824FC800EEABA2 /* Build configuration list for PBXNativeTarget "Dossiers" */ = {
			isa = XCConfigurationList;
			buildConfigurations = (
				74CE35C11D824FC800EEABA2 /* Debug */,
				74CE35C21D824FC800EEABA2 /* Release */,
			);
			defaultConfigurationIsVisible = 0;
		};
		74CE35C31D824FC800EEABA2 /* Build configuration list for PBXNativeTarget "DossiersTests" */ = {
			isa = XCConfigurationList;
			buildConfigurations = (
				74CE35C41D824FC800EEABA2 /* Debug */,
				74CE35C51D824FC800EEABA2 /* Release */,
			);
			defaultConfigurationIsVisible = 0;
		};
/* End XCConfigurationList section */
	};
	rootObject = 74CE359B1D824FC000EEABA2 /* Project object */;
}
